
Microsoft Visual Studio Solution File, Format Version 12.00
# Visual Studio Version 16
VisualStudioVersion = 25.0.1705.0
MinimumVisualStudioVersion = 10.0.40219.1
Project("{FAE04EC0-301F-11D3-BF4B-00C04F79EFBC}") = "DesignPatternsLab", "DesignPatternsLab\DesignPatternsLab.csproj", "{97A3D8BE-DA30-4163-AB76-9630F198F635}"
EndProject
Global
	GlobalSection(SolutionConfigurationPlatforms) = preSolution
		Debug|Any CPU = Debug|Any CPU
		Release|Any CPU = Release|Any CPU
	EndGlobalSection
	GlobalSection(ProjectConfigurationPlatforms) = postSolution
		{97A3D8BE-DA30-4163-AB76-9630F198F635}.Debug|Any CPU.ActiveCfg = Debug|Any CPU
		{97A3D8BE-DA30-4163-AB76-9630F198F635}.Debug|Any CPU.Build.0 = Debug|Any CPU
		{97A3D8BE-DA30-4163-AB76-9630F198F635}.Release|Any CPU.ActiveCfg = Release|Any CPU
		{97A3D8BE-DA30-4163-AB76-9630F198F635}.Release|Any CPU.Build.0 = Release|Any CPU
	EndGlobalSection
	GlobalSection(SolutionProperties) = preSolution
		HideSolutionNode = FALSE
	EndGlobalSection
	GlobalSection(ExtensibilityGlobals) = postSolution
		SolutionGuid = {3D296F4A-AE60-4319-B970-8607733C2933}
	EndGlobalSection
EndGlobal
